# This file is autogenerated, do not edit; changes may be undone by the next 'dep ensure'.


[[projects]]
  name = "github.com/google/uuid"
  packages = ["."]
  revision = "064e2069ce9c359c118179501254f67d7d37ba24"
  version = "0.2"

[[projects]]
  branch = "master"
  name = "github.com/mattn/go-gtk"
  packages = ["gdk","gdkpixbuf","gio","glib","gtk","pango"]
  revision = "5a311a1830abecc430a6a598b24094f69d907e96"

[[projects]]
  branch = "master"
  name = "github.com/mattn/go-pointer"
  packages = ["."]
  revision = "1d30dc4b6f28271a3bd126071d4d0363e618415b"

[solve-meta]
  analyzer-name = "dep"
  analyzer-version = 1
  inputs-digest = "76daf8cb1d32da903b86c50c5ebea09dbf84d6b4022e55d9cac596c07ccd2a37"
  solver-name = "gps-cdcl"
  solver-version = 1
